// !$*UTF8*$!
{
	archiveVersion = 1;
	classes = {
	};
	objectVersion = 51;
	objects = {

/* Begin PBXBuildFile section */
		AD003E0325DD2EE500D17214 /* SizeTableViewCell.swift in Sources */ = {isa = PBXBuildFile; fileRef = AD003E0225DD2EE500D17214 /* SizeTableViewCell.swift */; };
		AD07BCD925D9232A00530797 /* SubCategoryViewController.swift in Sources */ = {isa = PBXBuildFile; fileRef = AD07BCD825D9232A00530797 /* SubCategoryViewController.swift */; };
		AD07BCE025D926FA00530797 /* BasketViewController.swift in Sources */ = {isa = PBXBuildFile; fileRef = AD07BCDF25D926FA00530797 /* BasketViewController.swift */; };
		AD07BCE325D937CF00530797 /* BasketTableViewCell.swift in Sources */ = {isa = PBXBuildFile; fileRef = AD07BCE225D937CF00530797 /* BasketTableViewCell.swift */; };
		AD10A48E25D9B126008F6505 /* ProductViewController.swift in Sources */ = {isa = PBXBuildFile; fileRef = AD10A48D25D9B126008F6505 /* ProductViewController.swift */; };
		AD10A49125D9B286008F6505 /* ProductCollectionViewCell.swift in Sources */ = {isa = PBXBuildFile; fileRef = AD10A49025D9B286008F6505 /* ProductCollectionViewCell.swift */; };
		AD1EB0EE25D811E3003CC538 /* CategoryGetModel.swift in Sources */ = {isa = PBXBuildFile; fileRef = AD1EB0ED25D811E3003CC538 /* CategoryGetModel.swift */; };
		AD1EB0F125D81221003CC538 /* CategoryModel.swift in Sources */ = {isa = PBXBuildFile; fileRef = AD1EB0F025D81221003CC538 /* CategoryModel.swift */; };
		AD1EB0F825D81CD9003CC538 /* CategoryViewModel.swift in Sources */ = {isa = PBXBuildFile; fileRef = AD1EB0F725D81CD9003CC538 /* CategoryViewModel.swift */; };
		AD31445125DCD69E00AA34C9 /* CardViewController.swift in Sources */ = {isa = PBXBuildFile; fileRef = AD31445025DCD69E00AA34C9 /* CardViewController.swift */; };
		AD31445525DCDA4D00AA34C9 /* ImagesCollectionViewCell.swift in Sources */ = {isa = PBXBuildFile; fileRef = AD31445425DCDA4D00AA34C9 /* ImagesCollectionViewCell.swift */; };
		AD45FBB325E015940064A868 /* RalmModels.swift in Sources */ = {isa = PBXBuildFile; fileRef = AD45FBB225E015940064A868 /* RalmModels.swift */; };
		AD45FBB725E0159E0064A868 /* RealmMethods.swift in Sources */ = {isa = PBXBuildFile; fileRef = AD45FBB625E0159E0064A868 /* RealmMethods.swift */; };
		AD45FBBB25E017B60064A868 /* CardViewModel.swift in Sources */ = {isa = PBXBuildFile; fileRef = AD45FBBA25E017B60064A868 /* CardViewModel.swift */; };
		AD988C0525D80FA000A09ECF /* .gitignore in Resources */ = {isa = PBXBuildFile; fileRef = AD988C0425D80FA000A09ECF /* .gitignore */; };
		AD9E91A525D7D5BA00C64369 /* AppDelegate.swift in Sources */ = {isa = PBXBuildFile; fileRef = AD9E91A425D7D5BA00C64369 /* AppDelegate.swift */; };
		AD9E91A725D7D5BA00C64369 /* SceneDelegate.swift in Sources */ = {isa = PBXBuildFile; fileRef = AD9E91A625D7D5BA00C64369 /* SceneDelegate.swift */; };
		AD9E91B125D7D5BC00C64369 /* LaunchScreen.storyboard in Resources */ = {isa = PBXBuildFile; fileRef = AD9E91AF25D7D5BC00C64369 /* LaunchScreen.storyboard */; };
		AD9E91C025D7D68D00C64369 /* TabBarController.swift in Sources */ = {isa = PBXBuildFile; fileRef = AD9E91BF25D7D68D00C64369 /* TabBarController.swift */; };
		AD9E91C525D7D72700C64369 /* CategoryViewController.swift in Sources */ = {isa = PBXBuildFile; fileRef = AD9E91C425D7D72700C64369 /* CategoryViewController.swift */; };
		AD9E91CD25D7D8E900C64369 /* Assets.xcassets in Resources */ = {isa = PBXBuildFile; fileRef = AD9E91AD25D7D5BC00C64369 /* Assets.xcassets */; };
		ADC1934725D7F25C00501A71 /* CategoryTableViewCell.swift in Sources */ = {isa = PBXBuildFile; fileRef = ADC1934625D7F25C00501A71 /* CategoryTableViewCell.swift */; };
		ADEB213825DC020D00B88A5A /* SubCategoryViewModel.swift in Sources */ = {isa = PBXBuildFile; fileRef = ADEB213725DC020D00B88A5A /* SubCategoryViewModel.swift */; };
		ADEB213B25DC022300B88A5A /* SubCategoryModel.swift in Sources */ = {isa = PBXBuildFile; fileRef = ADEB213A25DC022300B88A5A /* SubCategoryModel.swift */; };
		ADEB214225DC22F800B88A5A /* ProductModel.swift in Sources */ = {isa = PBXBuildFile; fileRef = ADEB214125DC22F800B88A5A /* ProductModel.swift */; };
		ADEB214525DC239700B88A5A /* ProductCardJSONModel.swift in Sources */ = {isa = PBXBuildFile; fileRef = ADEB214425DC239700B88A5A /* ProductCardJSONModel.swift */; };
		ADEB214825DC28E000B88A5A /* ProductViewModel.swift in Sources */ = {isa = PBXBuildFile; fileRef = ADEB214725DC28E000B88A5A /* ProductViewModel.swift */; };
		F7B21163412883A5F861FCE8 /* Pods_OnlineShop.framework in Frameworks */ = {isa = PBXBuildFile; fileRef = 63BDE4FC55173E6D52F942A3 /* Pods_OnlineShop.framework */; };
/* End PBXBuildFile section */

/* Begin PBXFileReference section */
		52AF76CAAC7484993C59AA47 /* Pods-OnlineShop.release.xcconfig */ = {isa = PBXFileReference; includeInIndex = 1; lastKnownFileType = text.xcconfig; name = "Pods-OnlineShop.release.xcconfig"; path = "Target Support Files/Pods-OnlineShop/Pods-OnlineShop.release.xcconfig"; sourceTree = "<group>"; };
		5B02721AEFC64081B1844556 /* Pods-OnlineShop.debug.xcconfig */ = {isa = PBXFileReference; includeInIndex = 1; lastKnownFileType = text.xcconfig; name = "Pods-OnlineShop.debug.xcconfig"; path = "Target Support Files/Pods-OnlineShop/Pods-OnlineShop.debug.xcconfig"; sourceTree = "<group>"; };
		63BDE4FC55173E6D52F942A3 /* Pods_OnlineShop.framework */ = {isa = PBXFileReference; explicitFileType = wrapper.framework; includeInIndex = 0; path = Pods_OnlineShop.framework; sourceTree = BUILT_PRODUCTS_DIR; };
		AD003E0225DD2EE500D17214 /* SizeTableViewCell.swift */ = {isa = PBXFileReference; lastKnownFileType = sourcecode.swift; path = SizeTableViewCell.swift; sourceTree = "<group>"; };
		AD07BCD825D9232A00530797 /* SubCategoryViewController.swift */ = {isa = PBXFileReference; lastKnownFileType = sourcecode.swift; path = SubCategoryViewController.swift; sourceTree = "<group>"; };
		AD07BCDF25D926FA00530797 /* BasketViewController.swift */ = {isa = PBXFileReference; lastKnownFileType = sourcecode.swift; path = BasketViewController.swift; sourceTree = "<group>"; };
		AD07BCE225D937CF00530797 /* BasketTableViewCell.swift */ = {isa = PBXFileReference; lastKnownFileType = sourcecode.swift; path = BasketTableViewCell.swift; sourceTree = "<group>"; };
		AD10A48D25D9B126008F6505 /* ProductViewController.swift */ = {isa = PBXFileReference; lastKnownFileType = sourcecode.swift; path = ProductViewController.swift; sourceTree = "<group>"; };
		AD10A49025D9B286008F6505 /* ProductCollectionViewCell.swift */ = {isa = PBXFileReference; lastKnownFileType = sourcecode.swift; path = ProductCollectionViewCell.swift; sourceTree = "<group>"; };
		AD1EB0ED25D811E3003CC538 /* CategoryGetModel.swift */ = {isa = PBXFileReference; lastKnownFileType = sourcecode.swift; path = CategoryGetModel.swift; sourceTree = "<group>"; };
		AD1EB0F025D81221003CC538 /* CategoryModel.swift */ = {isa = PBXFileReference; lastKnownFileType = sourcecode.swift; path = CategoryModel.swift; sourceTree = "<group>"; };
		AD1EB0F725D81CD9003CC538 /* CategoryViewModel.swift */ = {isa = PBXFileReference; lastKnownFileType = sourcecode.swift; path = CategoryViewModel.swift; sourceTree = "<group>"; };
		AD31445025DCD69E00AA34C9 /* CardViewController.swift */ = {isa = PBXFileReference; lastKnownFileType = sourcecode.swift; path = CardViewController.swift; sourceTree = "<group>"; };
		AD31445425DCDA4D00AA34C9 /* ImagesCollectionViewCell.swift */ = {isa = PBXFileReference; lastKnownFileType = sourcecode.swift; path = ImagesCollectionViewCell.swift; sourceTree = "<group>"; };
		AD45FBB225E015940064A868 /* RalmModels.swift */ = {isa = PBXFileReference; lastKnownFileType = sourcecode.swift; path = RalmModels.swift; sourceTree = "<group>"; };
		AD45FBB625E0159E0064A868 /* RealmMethods.swift */ = {isa = PBXFileReference; lastKnownFileType = sourcecode.swift; path = RealmMethods.swift; sourceTree = "<group>"; };
		AD45FBBA25E017B60064A868 /* CardViewModel.swift */ = {isa = PBXFileReference; lastKnownFileType = sourcecode.swift; path = CardViewModel.swift; sourceTree = "<group>"; };
		AD988C0425D80FA000A09ECF /* .gitignore */ = {isa = PBXFileReference; lastKnownFileType = text; path = .gitignore; sourceTree = "<group>"; };
		AD9E91A125D7D5BA00C64369 /* OnlineShop.app */ = {isa = PBXFileReference; explicitFileType = wrapper.application; includeInIndex = 0; path = OnlineShop.app; sourceTree = BUILT_PRODUCTS_DIR; };
		AD9E91A425D7D5BA00C64369 /* AppDelegate.swift */ = {isa = PBXFileReference; lastKnownFileType = sourcecode.swift; path = AppDelegate.swift; sourceTree = "<group>"; };
		AD9E91A625D7D5BA00C64369 /* SceneDelegate.swift */ = {isa = PBXFileReference; lastKnownFileType = sourcecode.swift; path = SceneDelegate.swift; sourceTree = "<group>"; };
		AD9E91AD25D7D5BC00C64369 /* Assets.xcassets */ = {isa = PBXFileReference; lastKnownFileType = folder.assetcatalog; path = Assets.xcassets; sourceTree = "<group>"; };
		AD9E91B025D7D5BC00C64369 /* Base */ = {isa = PBXFileReference; lastKnownFileType = file.storyboard; name = Base; path = Base.lproj/LaunchScreen.storyboard; sourceTree = "<group>"; };
		AD9E91B225D7D5BC00C64369 /* Info.plist */ = {isa = PBXFileReference; lastKnownFileType = text.plist.xml; path = Info.plist; sourceTree = "<group>"; };
		AD9E91BF25D7D68D00C64369 /* TabBarController.swift */ = {isa = PBXFileReference; lastKnownFileType = sourcecode.swift; path = TabBarController.swift; sourceTree = "<group>"; };
		AD9E91C425D7D72700C64369 /* CategoryViewController.swift */ = {isa = PBXFileReference; lastKnownFileType = sourcecode.swift; path = CategoryViewController.swift; sourceTree = "<group>"; };
		ADC1934625D7F25C00501A71 /* CategoryTableViewCell.swift */ = {isa = PBXFileReference; lastKnownFileType = sourcecode.swift; path = CategoryTableViewCell.swift; sourceTree = "<group>"; };
		ADEB213725DC020D00B88A5A /* SubCategoryViewModel.swift */ = {isa = PBXFileReference; lastKnownFileType = sourcecode.swift; path = SubCategoryViewModel.swift; sourceTree = "<group>"; };
		ADEB213A25DC022300B88A5A /* SubCategoryModel.swift */ = {isa = PBXFileReference; lastKnownFileType = sourcecode.swift; path = SubCategoryModel.swift; sourceTree = "<group>"; };
		ADEB214125DC22F800B88A5A /* ProductModel.swift */ = {isa = PBXFileReference; lastKnownFileType = sourcecode.swift; path = ProductModel.swift; sourceTree = "<group>"; };
		ADEB214425DC239700B88A5A /* ProductCardJSONModel.swift */ = {isa = PBXFileReference; lastKnownFileType = sourcecode.swift; path = ProductCardJSONModel.swift; sourceTree = "<group>"; };
		ADEB214725DC28E000B88A5A /* ProductViewModel.swift */ = {isa = PBXFileReference; lastKnownFileType = sourcecode.swift; path = ProductViewModel.swift; sourceTree = "<group>"; };
/* End PBXFileReference section */

/* Begin PBXFrameworksBuildPhase section */
		AD9E919E25D7D5BA00C64369 /* Frameworks */ = {
			isa = PBXFrameworksBuildPhase;
			buildActionMask = 2147483647;
			files = (
				F7B21163412883A5F861FCE8 /* Pods_OnlineShop.framework in Frameworks */,
			);
			runOnlyForDeploymentPostprocessing = 0;
		};
/* End PBXFrameworksBuildPhase section */

/* Begin PBXGroup section */
		AD07BCD325D922E600530797 /* SubCategory */ = {
			isa = PBXGroup;
			children = (
				AD07BCD725D9230400530797 /* Model */,
				AD07BCD625D922FA00530797 /* ViewModel */,
				AD07BCD425D922EE00530797 /* Views */,
			);
			path = SubCategory;
			sourceTree = "<group>";
		};
		AD07BCD425D922EE00530797 /* Views */ = {
			isa = PBXGroup;
			children = (
				AD07BCD825D9232A00530797 /* SubCategoryViewController.swift */,
			);
			path = Views;
			sourceTree = "<group>";
		};
		AD07BCD625D922FA00530797 /* ViewModel */ = {
			isa = PBXGroup;
			children = (
				ADEB213725DC020D00B88A5A /* SubCategoryViewModel.swift */,
			);
			path = ViewModel;
			sourceTree = "<group>";
		};
		AD07BCD725D9230400530797 /* Model */ = {
			isa = PBXGroup;
			children = (
				ADEB213A25DC022300B88A5A /* SubCategoryModel.swift */,
			);
			path = Model;
			sourceTree = "<group>";
		};
		AD07BCDB25D926DD00530797 /* Basket */ = {
			isa = PBXGroup;
			children = (
				AD07BCDE25D926ED00530797 /* Model */,
				AD07BCDD25D926E800530797 /* ViewModel */,
				AD07BCDC25D926E000530797 /* Views */,
			);
			path = Basket;
			sourceTree = "<group>";
		};
		AD07BCDC25D926E000530797 /* Views */ = {
			isa = PBXGroup;
			children = (
				AD07BCDF25D926FA00530797 /* BasketViewController.swift */,
				AD07BCE225D937CF00530797 /* BasketTableViewCell.swift */,
			);
			path = Views;
			sourceTree = "<group>";
		};
		AD07BCDD25D926E800530797 /* ViewModel */ = {
			isa = PBXGroup;
			children = (
			);
			path = ViewModel;
			sourceTree = "<group>";
		};
		AD07BCDE25D926ED00530797 /* Model */ = {
			isa = PBXGroup;
			children = (
			);
			path = Model;
			sourceTree = "<group>";
		};
		AD10A48B25D9B0E4008F6505 /* Product */ = {
			isa = PBXGroup;
			children = (
				ADEB213F25DC22D900B88A5A /* Model */,
				ADEB213E25DC22D300B88A5A /* ModelView */,
				AD10A48C25D9B108008F6505 /* Views */,
			);
			path = Product;
			sourceTree = "<group>";
		};
		AD10A48C25D9B108008F6505 /* Views */ = {
			isa = PBXGroup;
			children = (
				AD10A48D25D9B126008F6505 /* ProductViewController.swift */,
				AD10A49025D9B286008F6505 /* ProductCollectionViewCell.swift */,
			);
			path = Views;
			sourceTree = "<group>";
		};
		AD1B0B9D25DFD2F300B06294 /* ViewModel */ = {
			isa = PBXGroup;
			children = (
				AD45FBBA25E017B60064A868 /* CardViewModel.swift */,
			);
			path = ViewModel;
			sourceTree = "<group>";
		};
		AD31444E25DCD63600AA34C9 /* Card */ = {
			isa = PBXGroup;
			children = (
				AD45FBA725DFE14E0064A868 /* Model */,
				AD1B0B9D25DFD2F300B06294 /* ViewModel */,
				AD31444F25DCD64000AA34C9 /* View */,
			);
			path = Card;
			sourceTree = "<group>";
		};
		AD31444F25DCD64000AA34C9 /* View */ = {
			isa = PBXGroup;
			children = (
				AD31445025DCD69E00AA34C9 /* CardViewController.swift */,
				AD31445425DCDA4D00AA34C9 /* ImagesCollectionViewCell.swift */,
				AD003E0225DD2EE500D17214 /* SizeTableViewCell.swift */,
			);
			path = View;
			sourceTree = "<group>";
		};
		AD45FBA725DFE14E0064A868 /* Model */ = {
			isa = PBXGroup;
			children = (
			);
			path = Model;
			sourceTree = "<group>";
		};
		AD45FBB125E015860064A868 /* Realm  */ = {
			isa = PBXGroup;
			children = (
				AD45FBB225E015940064A868 /* RalmModels.swift */,
				AD45FBB625E0159E0064A868 /* RealmMethods.swift */,
			);
			path = "Realm ";
			sourceTree = "<group>";
		};
		AD52195D25D7F1D1007D635F /* Views */ = {
			isa = PBXGroup;
			children = (
				AD9E91C425D7D72700C64369 /* CategoryViewController.swift */,
				ADC1934625D7F25C00501A71 /* CategoryTableViewCell.swift */,
			);
			path = Views;
			sourceTree = "<group>";
		};
		AD52195E25D7F1DA007D635F /* ModelView */ = {
			isa = PBXGroup;
			children = (
				AD1EB0F725D81CD9003CC538 /* CategoryViewModel.swift */,
			);
			path = ModelView;
			sourceTree = "<group>";
		};
		AD52195F25D7F1E1007D635F /* Model */ = {
			isa = PBXGroup;
			children = (
				AD1EB0ED25D811E3003CC538 /* CategoryGetModel.swift */,
				AD1EB0F025D81221003CC538 /* CategoryModel.swift */,
			);
			path = Model;
			sourceTree = "<group>";
		};
		AD9E919825D7D5BA00C64369 = {
			isa = PBXGroup;
			children = (
				AD988C0425D80FA000A09ECF /* .gitignore */,
				AD9E91A325D7D5BA00C64369 /* OnlineShop */,
				AD9E91A225D7D5BA00C64369 /* Products */,
				D7965900344F71A83477E824 /* Pods */,
				E30A37943351423F6C883D74 /* Frameworks */,
			);
			sourceTree = "<group>";
		};
		AD9E91A225D7D5BA00C64369 /* Products */ = {
			isa = PBXGroup;
			children = (
				AD9E91A125D7D5BA00C64369 /* OnlineShop.app */,
			);
			name = Products;
			sourceTree = "<group>";
		};
		AD9E91A325D7D5BA00C64369 /* OnlineShop */ = {
			isa = PBXGroup;
			children = (
				AD45FBB125E015860064A868 /* Realm  */,
				AD31444E25DCD63600AA34C9 /* Card */,
				AD10A48B25D9B0E4008F6505 /* Product */,
				AD07BCDB25D926DD00530797 /* Basket */,
				AD07BCD325D922E600530797 /* SubCategory */,
				AD9E91C325D7D6B900C64369 /* Сategory */,
				AD9E91BE25D7D62B00C64369 /* TabBar */,
				AD9E91BC25D7D5F700C64369 /* SubFiles */,
				AD9E91BB25D7D5EA00C64369 /* Storyboards */,
			);
			path = OnlineShop;
			sourceTree = "<group>";
		};
		AD9E91BB25D7D5EA00C64369 /* Storyboards */ = {
			isa = PBXGroup;
			children = (
				AD9E91AF25D7D5BC00C64369 /* LaunchScreen.storyboard */,
			);
			path = Storyboards;
			sourceTree = "<group>";
		};
		AD9E91BC25D7D5F700C64369 /* SubFiles */ = {
			isa = PBXGroup;
			children = (
				AD9E91AD25D7D5BC00C64369 /* Assets.xcassets */,
				AD9E91B225D7D5BC00C64369 /* Info.plist */,
				AD9E91A425D7D5BA00C64369 /* AppDelegate.swift */,
				AD9E91A625D7D5BA00C64369 /* SceneDelegate.swift */,
			);
			path = SubFiles;
			sourceTree = "<group>";
		};
		AD9E91BE25D7D62B00C64369 /* TabBar */ = {
			isa = PBXGroup;
			children = (
				AD9E91BF25D7D68D00C64369 /* TabBarController.swift */,
			);
			path = TabBar;
			sourceTree = "<group>";
		};
		AD9E91C325D7D6B900C64369 /* Сategory */ = {
			isa = PBXGroup;
			children = (
				AD52195F25D7F1E1007D635F /* Model */,
				AD52195E25D7F1DA007D635F /* ModelView */,
				AD52195D25D7F1D1007D635F /* Views */,
			);
			path = "Сategory";
			sourceTree = "<group>";
		};
		ADEB213E25DC22D300B88A5A /* ModelView */ = {
			isa = PBXGroup;
			children = (
				ADEB214725DC28E000B88A5A /* ProductViewModel.swift */,
			);
			path = ModelView;
			sourceTree = "<group>";
		};
		ADEB213F25DC22D900B88A5A /* Model */ = {
			isa = PBXGroup;
			children = (
				ADEB214125DC22F800B88A5A /* ProductModel.swift */,
				ADEB214425DC239700B88A5A /* ProductCardJSONModel.swift */,
			);
			path = Model;
			sourceTree = "<group>";
		};
		D7965900344F71A83477E824 /* Pods */ = {
			isa = PBXGroup;
			children = (
				5B02721AEFC64081B1844556 /* Pods-OnlineShop.debug.xcconfig */,
				52AF76CAAC7484993C59AA47 /* Pods-OnlineShop.release.xcconfig */,
			);
			path = Pods;
			sourceTree = "<group>";
		};
		E30A37943351423F6C883D74 /* Frameworks */ = {
			isa = PBXGroup;
			children = (
				63BDE4FC55173E6D52F942A3 /* Pods_OnlineShop.framework */,
			);
			name = Frameworks;
			sourceTree = "<group>";
		};
/* End PBXGroup section */

/* Begin PBXNativeTarget section */
		AD9E91A025D7D5BA00C64369 /* OnlineShop */ = {
			isa = PBXNativeTarget;
			buildConfigurationList = AD9E91B525D7D5BC00C64369 /* Build configuration list for PBXNativeTarget "OnlineShop" */;
			buildPhases = (
				256CBEE4A6D6B78DBD447618 /* [CP] Check Pods Manifest.lock */,
				AD9E919D25D7D5BA00C64369 /* Sources */,
				AD9E919E25D7D5BA00C64369 /* Frameworks */,
				AD9E919F25D7D5BA00C64369 /* Resources */,
				6596F430486A1D2C84D4925B /* [CP] Embed Pods Frameworks */,
			);
			buildRules = (
			);
			dependencies = (
			);
			name = OnlineShop;
			productName = OnlineShop;
			productReference = AD9E91A125D7D5BA00C64369 /* OnlineShop.app */;
			productType = "com.apple.product-type.application";
		};
/* End PBXNativeTarget section */

/* Begin PBXProject section */
		AD9E919925D7D5BA00C64369 /* Project object */ = {
			isa = PBXProject;
			attributes = {
				LastSwiftUpdateCheck = 1240;
				LastUpgradeCheck = 1240;
				TargetAttributes = {
					AD9E91A025D7D5BA00C64369 = {
						CreatedOnToolsVersion = 12.4;
					};
				};
			};
			buildConfigurationList = AD9E919C25D7D5BA00C64369 /* Build configuration list for PBXProject "OnlineShop" */;
			compatibilityVersion = "Xcode 9.3";
			developmentRegion = en;
			hasScannedForEncodings = 0;
			knownRegions = (
				en,
				Base,
			);
			mainGroup = AD9E919825D7D5BA00C64369;
			productRefGroup = AD9E91A225D7D5BA00C64369 /* Products */;
			projectDirPath = "";
			projectRoot = "";
			targets = (
				AD9E91A025D7D5BA00C64369 /* OnlineShop */,
			);
		};
/* End PBXProject section */

/* Begin PBXResourcesBuildPhase section */
		AD9E919F25D7D5BA00C64369 /* Resources */ = {
			isa = PBXResourcesBuildPhase;
			buildActionMask = 2147483647;
			files = (
				AD9E91CD25D7D8E900C64369 /* Assets.xcassets in Resources */,
				AD988C0525D80FA000A09ECF /* .gitignore in Resources */,
				AD9E91B125D7D5BC00C64369 /* LaunchScreen.storyboard in Resources */,
			);
			runOnlyForDeploymentPostprocessing = 0;
		};
/* End PBXResourcesBuildPhase section */

/* Begin PBXShellScriptBuildPhase section */
		256CBEE4A6D6B78DBD447618 /* [CP] Check Pods Manifest.lock */ = {
			isa = PBXShellScriptBuildPhase;
			buildActionMask = 2147483647;
			files = (
			);
			inputFileListPaths = (
			);
			inputPaths = (
				"${PODS_PODFILE_DIR_PATH}/Podfile.lock",
				"${PODS_ROOT}/Manifest.lock",
			);
			name = "[CP] Check Pods Manifest.lock";
			outputFileListPaths = (
			);
			outputPaths = (
				"$(DERIVED_FILE_DIR)/Pods-OnlineShop-checkManifestLockResult.txt",
			);
			runOnlyForDeploymentPostprocessing = 0;
			shellPath = /bin/sh;
			shellScript = "diff \"${PODS_PODFILE_DIR_PATH}/Podfile.lock\" \"${PODS_ROOT}/Manifest.lock\" > /dev/null\nif [ $? != 0 ] ; then\n    # print error to STDERR\n    echo \"error: The sandbox is not in sync with the Podfile.lock. Run 'pod install' or update your CocoaPods installation.\" >&2\n    exit 1\nfi\n# This output is used by Xcode 'outputs' to avoid re-running this script phase.\necho \"SUCCESS\" > \"${SCRIPT_OUTPUT_FILE_0}\"\n";
			showEnvVarsInLog = 0;
		};
		6596F430486A1D2C84D4925B /* [CP] Embed Pods Frameworks */ = {
			isa = PBXShellScriptBuildPhase;
			buildActionMask = 2147483647;
			files = (
			);
			inputFileListPaths = (
				"${PODS_ROOT}/Target Support Files/Pods-OnlineShop/Pods-OnlineShop-frameworks-${CONFIGURATION}-input-files.xcfilelist",
			);
			name = "[CP] Embed Pods Frameworks";
			outputFileListPaths = (
				"${PODS_ROOT}/Target Support Files/Pods-OnlineShop/Pods-OnlineShop-frameworks-${CONFIGURATION}-output-files.xcfilelist",
			);
			runOnlyForDeploymentPostprocessing = 0;
			shellPath = /bin/sh;
			shellScript = "\"${PODS_ROOT}/Target Support Files/Pods-OnlineShop/Pods-OnlineShop-frameworks.sh\"\n";
			showEnvVarsInLog = 0;
		};
/* End PBXShellScriptBuildPhase section */

/* Begin PBXSourcesBuildPhase section */
		AD9E919D25D7D5BA00C64369 /* Sources */ = {
			isa = PBXSourcesBuildPhase;
			buildActionMask = 2147483647;
			files = (
				AD07BCE025D926FA00530797 /* BasketViewController.swift in Sources */,
				ADC1934725D7F25C00501A71 /* CategoryTableViewCell.swift in Sources */,
				AD45FBB725E0159E0064A868 /* RealmMethods.swift in Sources */,
				AD9E91C525D7D72700C64369 /* CategoryViewController.swift in Sources */,
				AD31445125DCD69E00AA34C9 /* CardViewController.swift in Sources */,
				AD9E91C025D7D68D00C64369 /* TabBarController.swift in Sources */,
				AD9E91A525D7D5BA00C64369 /* AppDelegate.swift in Sources */,
				ADEB213825DC020D00B88A5A /* SubCategoryViewModel.swift in Sources */,
				ADEB214525DC239700B88A5A /* ProductCardJSONModel.swift in Sources */,
				AD1EB0F825D81CD9003CC538 /* CategoryViewModel.swift in Sources */,
				AD10A49125D9B286008F6505 /* ProductCollectionViewCell.swift in Sources */,
				AD10A48E25D9B126008F6505 /* ProductViewController.swift in Sources */,
				AD003E0325DD2EE500D17214 /* SizeTableViewCell.swift in Sources */,
				AD1EB0F125D81221003CC538 /* CategoryModel.swift in Sources */,
				AD1EB0EE25D811E3003CC538 /* CategoryGetModel.swift in Sources */,
				AD07BCE325D937CF00530797 /* BasketTableViewCell.swift in Sources */,
				AD45FBB325E015940064A868 /* RalmModels.swift in Sources */,
				AD07BCD925D9232A00530797 /* SubCategoryViewController.swift in Sources */,
				ADEB214825DC28E000B88A5A /* ProductViewModel.swift in Sources */,
				AD9E91A725D7D5BA00C64369 /* SceneDelegate.swift in Sources */,
				AD45FBBB25E017B60064A868 /* CardViewModel.swift in Sources */,
				ADEB213B25DC022300B88A5A /* SubCategoryModel.swift in Sources */,
				AD31445525DCDA4D00AA34C9 /* ImagesCollectionViewCell.swift in Sources */,
				ADEB214225DC22F800B88A5A /* ProductModel.swift in Sources */,
			);
			runOnlyForDeploymentPostprocessing = 0;
		};
/* End PBXSourcesBuildPhase section */

/* Begin PBXVariantGroup section */
		AD9E91AF25D7D5BC00C64369 /* LaunchScreen.storyboard */ = {
			isa = PBXVariantGroup;
			children = (
				AD9E91B025D7D5BC00C64369 /* Base */,
			);
			name = LaunchScreen.storyboard;
			sourceTree = "<group>";
		};
/* End PBXVariantGroup section */

/* Begin XCBuildConfiguration section */
		AD9E91B325D7D5BC00C64369 /* Debug */ = {
			isa = XCBuildConfiguration;
			buildSettings = {
				ALWAYS_SEARCH_USER_PATHS = NO;
				CLANG_ANALYZER_NONNULL = YES;
				CLANG_ANALYZER_NUMBER_OBJECT_CONVERSION = YES_AGGRESSIVE;
				CLANG_CXX_LANGUAGE_STANDARD = "gnu++14";
				CLANG_CXX_LIBRARY = "libc++";
				CLANG_ENABLE_MODULES = YES;
				CLANG_ENABLE_OBJC_ARC = YES;
				CLANG_ENABLE_OBJC_WEAK = YES;
				CLANG_WARN_BLOCK_CAPTURE_AUTORELEASING = YES;
				CLANG_WARN_BOOL_CONVERSION = YES;
				CLANG_WARN_COMMA = YES;
				CLANG_WARN_CONSTANT_CONVERSION = YES;
				CLANG_WARN_DEPRECATED_OBJC_IMPLEMENTATIONS = YES;
				CLANG_WARN_DIRECT_OBJC_ISA_USAGE = YES_ERROR;
				CLANG_WARN_DOCUMENTATION_COMMENTS = YES;
				CLANG_WARN_EMPTY_BODY = YES;
				CLANG_WARN_ENUM_CONVERSION = YES;
				CLANG_WARN_INFINITE_RECURSION = YES;
				CLANG_WARN_INT_CONVERSION = YES;
				CLANG_WARN_NON_LITERAL_NULL_CONVERSION = YES;
				CLANG_WARN_OBJC_IMPLICIT_RETAIN_SELF = YES;
				CLANG_WARN_OBJC_LITERAL_CONVERSION = YES;
				CLANG_WARN_OBJC_ROOT_CLASS = YES_ERROR;
				CLANG_WARN_QUOTED_INCLUDE_IN_FRAMEWORK_HEADER = YES;
				CLANG_WARN_RANGE_LOOP_ANALYSIS = YES;
				CLANG_WARN_STRICT_PROTOTYPES = YES;
				CLANG_WARN_SUSPICIOUS_MOVE = YES;
				CLANG_WARN_UNGUARDED_AVAILABILITY = YES_AGGRESSIVE;
				CLANG_WARN_UNREACHABLE_CODE = YES;
				CLANG_WARN__DUPLICATE_METHOD_MATCH = YES;
				COPY_PHASE_STRIP = NO;
				DEBUG_INFORMATION_FORMAT = dwarf;
				ENABLE_STRICT_OBJC_MSGSEND = YES;
				ENABLE_TESTABILITY = YES;
				GCC_C_LANGUAGE_STANDARD = gnu11;
				GCC_DYNAMIC_NO_PIC = NO;
				GCC_NO_COMMON_BLOCKS = YES;
				GCC_OPTIMIZATION_LEVEL = 0;
				GCC_PREPROCESSOR_DEFINITIONS = (
					"DEBUG=1",
					"$(inherited)",
				);
				GCC_WARN_64_TO_32_BIT_CONVERSION = YES;
				GCC_WARN_ABOUT_RETURN_TYPE = YES_ERROR;
				GCC_WARN_UNDECLARED_SELECTOR = YES;
				GCC_WARN_UNINITIALIZED_AUTOS = YES_AGGRESSIVE;
				GCC_WARN_UNUSED_FUNCTION = YES;
				GCC_WARN_UNUSED_VARIABLE = YES;
				IPHONEOS_DEPLOYMENT_TARGET = 14.4;
				MTL_ENABLE_DEBUG_INFO = INCLUDE_SOURCE;
				MTL_FAST_MATH = YES;
				ONLY_ACTIVE_ARCH = YES;
				SDKROOT = iphoneos;
				SWIFT_ACTIVE_COMPILATION_CONDITIONS = DEBUG;
				SWIFT_OPTIMIZATION_LEVEL = "-Onone";
			};
			name = Debug;
		};
		AD9E91B425D7D5BC00C64369 /* Release */ = {
			isa = XCBuildConfiguration;
			buildSettings = {
				ALWAYS_SEARCH_USER_PATHS = NO;
				CLANG_ANALYZER_NONNULL = YES;
				CLANG_ANALYZER_NUMBER_OBJECT_CONVERSION = YES_AGGRESSIVE;
				CLANG_CXX_LANGUAGE_STANDARD = "gnu++14";
				CLANG_CXX_LIBRARY = "libc++";
				CLANG_ENABLE_MODULES = YES;
				CLANG_ENABLE_OBJC_ARC = YES;
				CLANG_ENABLE_OBJC_WEAK = YES;
				CLANG_WARN_BLOCK_CAPTURE_AUTORELEASING = YES;
				CLANG_WARN_BOOL_CONVERSION = YES;
				CLANG_WARN_COMMA = YES;
				CLANG_WARN_CONSTANT_CONVERSION = YES;
				CLANG_WARN_DEPRECATED_OBJC_IMPLEMENTATIONS = YES;
				CLANG_WARN_DIRECT_OBJC_ISA_USAGE = YES_ERROR;
				CLANG_WARN_DOCUMENTATION_COMMENTS = YES;
				CLANG_WARN_EMPTY_BODY = YES;
				CLANG_WARN_ENUM_CONVERSION = YES;
				CLANG_WARN_INFINITE_RECURSION = YES;
				CLANG_WARN_INT_CONVERSION = YES;
				CLANG_WARN_NON_LITERAL_NULL_CONVERSION = YES;
				CLANG_WARN_OBJC_IMPLICIT_RETAIN_SELF = YES;
				CLANG_WARN_OBJC_LITERAL_CONVERSION = YES;
				CLANG_WARN_OBJC_ROOT_CLASS = YES_ERROR;
				CLANG_WARN_QUOTED_INCLUDE_IN_FRAMEWORK_HEADER = YES;
				CLANG_WARN_RANGE_LOOP_ANALYSIS = YES;
				CLANG_WARN_STRICT_PROTOTYPES = YES;
				CLANG_WARN_SUSPICIOUS_MOVE = YES;
				CLANG_WARN_UNGUARDED_AVAILABILITY = YES_AGGRESSIVE;
				CLANG_WARN_UNREACHABLE_CODE = YES;
				CLANG_WARN__DUPLICATE_METHOD_MATCH = YES;
				COPY_PHASE_STRIP = NO;
				DEBUG_INFORMATION_FORMAT = "dwarf-with-dsym";
				ENABLE_NS_ASSERTIONS = NO;
				ENABLE_STRICT_OBJC_MSGSEND = YES;
				GCC_C_LANGUAGE_STANDARD = gnu11;
				GCC_NO_COMMON_BLOCKS = YES;
				GCC_WARN_64_TO_32_BIT_CONVERSION = YES;
				GCC_WARN_ABOUT_RETURN_TYPE = YES_ERROR;
				GCC_WARN_UNDECLARED_SELECTOR = YES;
				GCC_WARN_UNINITIALIZED_AUTOS = YES_AGGRESSIVE;
				GCC_WARN_UNUSED_FUNCTION = YES;
				GCC_WARN_UNUSED_VARIABLE = YES;
				IPHONEOS_DEPLOYMENT_TARGET = 14.4;
				MTL_ENABLE_DEBUG_INFO = NO;
				MTL_FAST_MATH = YES;
				SDKROOT = iphoneos;
				SWIFT_COMPILATION_MODE = wholemodule;
				SWIFT_OPTIMIZATION_LEVEL = "-O";
				VALIDATE_PRODUCT = YES;
			};
			name = Release;
		};
		AD9E91B625D7D5BC00C64369 /* Debug */ = {
			isa = XCBuildConfiguration;
			baseConfigurationReference = 5B02721AEFC64081B1844556 /* Pods-OnlineShop.debug.xcconfig */;
			buildSettings = {
				ASSETCATALOG_COMPILER_APPICON_NAME = AppIcon;
				ASSETCATALOG_COMPILER_GLOBAL_ACCENT_COLOR_NAME = AccentColor;
				CODE_SIGN_STYLE = Automatic;
				DEVELOPMENT_TEAM = CWJGT3SS6R;
				INFOPLIST_FILE = OnlineShop/SubFiles/Info.plist;
				LD_RUNPATH_SEARCH_PATHS = (
					"$(inherited)",
					"@executable_path/Frameworks",
				);
				PRODUCT_BUNDLE_IDENTIFIER = AndreyLapin.OnlineShop;
				PRODUCT_NAME = "$(TARGET_NAME)";
				SWIFT_VERSION = 5.0;
				TARGETED_DEVICE_FAMILY = "1,2";
			};
			name = Debug;
		};
		AD9E91B725D7D5BC00C64369 /* Release */ = {
			isa = XCBuildConfiguration;
			baseConfigurationReference = 52AF76CAAC7484993C59AA47 /* Pods-OnlineShop.release.xcconfig */;
			buildSettings = {
				ASSETCATALOG_COMPILER_APPICON_NAME = AppIcon;
				ASSETCATALOG_COMPILER_GLOBAL_ACCENT_COLOR_NAME = AccentColor;
				CODE_SIGN_STYLE = Automatic;
				DEVELOPMENT_TEAM = CWJGT3SS6R;
				INFOPLIST_FILE = OnlineShop/SubFiles/Info.plist;
				LD_RUNPATH_SEARCH_PATHS = (
					"$(inherited)",
					"@executable_path/Frameworks",
				);
				PRODUCT_BUNDLE_IDENTIFIER = AndreyLapin.OnlineShop;
				PRODUCT_NAME = "$(TARGET_NAME)";
				SWIFT_VERSION = 5.0;
				TARGETED_DEVICE_FAMILY = "1,2";
			};
			name = Release;
		};
/* End XCBuildConfiguration section */

/* Begin XCConfigurationList section */
		AD9E919C25D7D5BA00C64369 /* Build configuration list for PBXProject "OnlineShop" */ = {
			isa = XCConfigurationList;
			buildConfigurations = (
				AD9E91B325D7D5BC00C64369 /* Debug */,
				AD9E91B425D7D5BC00C64369 /* Release */,
			);
			defaultConfigurationIsVisible = 0;
			defaultConfigurationName = Release;
		};
		AD9E91B525D7D5BC00C64369 /* Build configuration list for PBXNativeTarget "OnlineShop" */ = {
			isa = XCConfigurationList;
			buildConfigurations = (
				AD9E91B625D7D5BC00C64369 /* Debug */,
				AD9E91B725D7D5BC00C64369 /* Release */,
			);
			defaultConfigurationIsVisible = 0;
			defaultConfigurationName = Release;
		};
/* End XCConfigurationList section */
	};
	rootObject = AD9E919925D7D5BA00C64369 /* Project object */;
}
