// !$*UTF8*$!
{
	archiveVersion = 1;
	classes = {
	};
	objectVersion = 50;
	objects = {

/* Begin PBXBuildFile section */
		AD9E91A525D7D5BA00C64369 /* AppDelegate.swift in Sources */ = {isa = PBXBuildFile; fileRef = AD9E91A425D7D5BA00C64369 /* AppDelegate.swift */; };
		AD9E91A725D7D5BA00C64369 /* SceneDelegate.swift in Sources */ = {isa = PBXBuildFile; fileRef = AD9E91A625D7D5BA00C64369 /* SceneDelegate.swift */; };
		AD9E91B125D7D5BC00C64369 /* LaunchScreen.storyboard in Resources */ = {isa = PBXBuildFile; fileRef = AD9E91AF25D7D5BC00C64369 /* LaunchScreen.storyboard */; };
		AD9E91C025D7D68D00C64369 /* TabBarController.swift in Sources */ = {isa = PBXBuildFile; fileRef = AD9E91BF25D7D68D00C64369 /* TabBarController.swift */; };
		AD9E91C525D7D72700C64369 /* CategoryViewController.swift in Sources */ = {isa = PBXBuildFile; fileRef = AD9E91C425D7D72700C64369 /* CategoryViewController.swift */; };
		AD9E91CD25D7D8E900C64369 /* Assets.xcassets in Resources */ = {isa = PBXBuildFile; fileRef = AD9E91AD25D7D5BC00C64369 /* Assets.xcassets */; };
		ADC1934725D7F25C00501A71 /* CategoryTableViewCell.swift in Sources */ = {isa = PBXBuildFile; fileRef = ADC1934625D7F25C00501A71 /* CategoryTableViewCell.swift */; };
/* End PBXBuildFile section */

/* Begin PBXFileReference section */
		AD9E91A125D7D5BA00C64369 /* OnlineShop.app */ = {isa = PBXFileReference; explicitFileType = wrapper.application; includeInIndex = 0; path = OnlineShop.app; sourceTree = BUILT_PRODUCTS_DIR; };
		AD9E91A425D7D5BA00C64369 /* AppDelegate.swift */ = {isa = PBXFileReference; lastKnownFileType = sourcecode.swift; path = AppDelegate.swift; sourceTree = "<group>"; };
		AD9E91A625D7D5BA00C64369 /* SceneDelegate.swift */ = {isa = PBXFileReference; lastKnownFileType = sourcecode.swift; path = SceneDelegate.swift; sourceTree = "<group>"; };
		AD9E91AD25D7D5BC00C64369 /* Assets.xcassets */ = {isa = PBXFileReference; lastKnownFileType = folder.assetcatalog; path = Assets.xcassets; sourceTree = "<group>"; };
		AD9E91B025D7D5BC00C64369 /* Base */ = {isa = PBXFileReference; lastKnownFileType = file.storyboard; name = Base; path = Base.lproj/LaunchScreen.storyboard; sourceTree = "<group>"; };
		AD9E91B225D7D5BC00C64369 /* Info.plist */ = {isa = PBXFileReference; lastKnownFileType = text.plist.xml; path = Info.plist; sourceTree = "<group>"; };
		AD9E91BF25D7D68D00C64369 /* TabBarController.swift */ = {isa = PBXFileReference; lastKnownFileType = sourcecode.swift; path = TabBarController.swift; sourceTree = "<group>"; };
		AD9E91C425D7D72700C64369 /* CategoryViewController.swift */ = {isa = PBXFileReference; lastKnownFileType = sourcecode.swift; path = CategoryViewController.swift; sourceTree = "<group>"; };
		ADC1934625D7F25C00501A71 /* CategoryTableViewCell.swift */ = {isa = PBXFileReference; lastKnownFileType = sourcecode.swift; path = CategoryTableViewCell.swift; sourceTree = "<group>"; };
/* End PBXFileReference section */

/* Begin PBXFrameworksBuildPhase section */
		AD9E919E25D7D5BA00C64369 /* Frameworks */ = {
			isa = PBXFrameworksBuildPhase;
			buildActionMask = 2147483647;
			files = (
			);
			runOnlyForDeploymentPostprocessing = 0;
		};
/* End PBXFrameworksBuildPhase section */

/* Begin PBXGroup section */
		AD52195D25D7F1D1007D635F /* Views */ = {
			isa = PBXGroup;
			children = (
				AD9E91C425D7D72700C64369 /* CategoryViewController.swift */,
				ADC1934625D7F25C00501A71 /* CategoryTableViewCell.swift */,
			);
			path = Views;
			sourceTree = "<group>";
		};
		AD52195E25D7F1DA007D635F /* ModelView */ = {
			isa = PBXGroup;
			children = (
			);
			path = ModelView;
			sourceTree = "<group>";
		};
		AD52195F25D7F1E1007D635F /* Model */ = {
			isa = PBXGroup;
			children = (
			);
			path = Model;
			sourceTree = "<group>";
		};
		AD9E919825D7D5BA00C64369 = {
			isa = PBXGroup;
			children = (
				AD9E91A325D7D5BA00C64369 /* OnlineShop */,
				AD9E91A225D7D5BA00C64369 /* Products */,
			);
			sourceTree = "<group>";
		};
		AD9E91A225D7D5BA00C64369 /* Products */ = {
			isa = PBXGroup;
			children = (
				AD9E91A125D7D5BA00C64369 /* OnlineShop.app */,
			);
			name = Products;
			sourceTree = "<group>";
		};
		AD9E91A325D7D5BA00C64369 /* OnlineShop */ = {
			isa = PBXGroup;
			children = (
				AD9E91C325D7D6B900C64369 /* Сategory */,
				AD9E91BE25D7D62B00C64369 /* TabBar */,
				AD9E91BC25D7D5F700C64369 /* SubFiles */,
				AD9E91BB25D7D5EA00C64369 /* Storyboards */,
			);
			path = OnlineShop;
			sourceTree = "<group>";
		};
		AD9E91BB25D7D5EA00C64369 /* Storyboards */ = {
			isa = PBXGroup;
			children = (
				AD9E91AF25D7D5BC00C64369 /* LaunchScreen.storyboard */,
			);
			path = Storyboards;
			sourceTree = "<group>";
		};
		AD9E91BC25D7D5F700C64369 /* SubFiles */ = {
			isa = PBXGroup;
			children = (
				AD9E91AD25D7D5BC00C64369 /* Assets.xcassets */,
				AD9E91B225D7D5BC00C64369 /* Info.plist */,
				AD9E91A425D7D5BA00C64369 /* AppDelegate.swift */,
				AD9E91A625D7D5BA00C64369 /* SceneDelegate.swift */,
			);
			path = SubFiles;
			sourceTree = "<group>";
		};
		AD9E91BE25D7D62B00C64369 /* TabBar */ = {
			isa = PBXGroup;
			children = (
				AD9E91BF25D7D68D00C64369 /* TabBarController.swift */,
			);
			path = TabBar;
			sourceTree = "<group>";
		};
		AD9E91C325D7D6B900C64369 /* Сategory */ = {
			isa = PBXGroup;
			children = (
				AD52195F25D7F1E1007D635F /* Model */,
				AD52195E25D7F1DA007D635F /* ModelView */,
				AD52195D25D7F1D1007D635F /* Views */,
			);
			path = "Сategory";
			sourceTree = "<group>";
		};
/* End PBXGroup section */

/* Begin PBXNativeTarget section */
		AD9E91A025D7D5BA00C64369 /* OnlineShop */ = {
			isa = PBXNativeTarget;
			buildConfigurationList = AD9E91B525D7D5BC00C64369 /* Build configuration list for PBXNativeTarget "OnlineShop" */;
			buildPhases = (
				AD9E919D25D7D5BA00C64369 /* Sources */,
				AD9E919E25D7D5BA00C64369 /* Frameworks */,
				AD9E919F25D7D5BA00C64369 /* Resources */,
			);
			buildRules = (
			);
			dependencies = (
			);
			name = OnlineShop;
			productName = OnlineShop;
			productReference = AD9E91A125D7D5BA00C64369 /* OnlineShop.app */;
			productType = "com.apple.product-type.application";
		};
/* End PBXNativeTarget section */

/* Begin PBXProject section */
		AD9E919925D7D5BA00C64369 /* Project object */ = {
			isa = PBXProject;
			attributes = {
				LastSwiftUpdateCheck = 1240;
				LastUpgradeCheck = 1240;
				TargetAttributes = {
					AD9E91A025D7D5BA00C64369 = {
						CreatedOnToolsVersion = 12.4;
					};
				};
			};
			buildConfigurationList = AD9E919C25D7D5BA00C64369 /* Build configuration list for PBXProject "OnlineShop" */;
			compatibilityVersion = "Xcode 9.3";
			developmentRegion = en;
			hasScannedForEncodings = 0;
			knownRegions = (
				en,
				Base,
			);
			mainGroup = AD9E919825D7D5BA00C64369;
			productRefGroup = AD9E91A225D7D5BA00C64369 /* Products */;
			projectDirPath = "";
			projectRoot = "";
			targets = (
				AD9E91A025D7D5BA00C64369 /* OnlineShop */,
			);
		};
/* End PBXProject section */

/* Begin PBXResourcesBuildPhase section */
		AD9E919F25D7D5BA00C64369 /* Resources */ = {
			isa = PBXResourcesBuildPhase;
			buildActionMask = 2147483647;
			files = (
				AD9E91CD25D7D8E900C64369 /* Assets.xcassets in Resources */,
				AD9E91B125D7D5BC00C64369 /* LaunchScreen.storyboard in Resources */,
			);
			runOnlyForDeploymentPostprocessing = 0;
		};
/* End PBXResourcesBuildPhase section */

/* Begin PBXSourcesBuildPhase section */
		AD9E919D25D7D5BA00C64369 /* Sources */ = {
			isa = PBXSourcesBuildPhase;
			buildActionMask = 2147483647;
			files = (
				ADC1934725D7F25C00501A71 /* CategoryTableViewCell.swift in Sources */,
				AD9E91C525D7D72700C64369 /* CategoryViewController.swift in Sources */,
				AD9E91C025D7D68D00C64369 /* TabBarController.swift in Sources */,
				AD9E91A525D7D5BA00C64369 /* AppDelegate.swift in Sources */,
				AD9E91A725D7D5BA00C64369 /* SceneDelegate.swift in Sources */,
			);
			runOnlyForDeploymentPostprocessing = 0;
		};
/* End PBXSourcesBuildPhase section */

/* Begin PBXVariantGroup section */
		AD9E91AF25D7D5BC00C64369 /* LaunchScreen.storyboard */ = {
			isa = PBXVariantGroup;
			children = (
				AD9E91B025D7D5BC00C64369 /* Base */,
			);
			name = LaunchScreen.storyboard;
			sourceTree = "<group>";
		};
/* End PBXVariantGroup section */

/* Begin XCBuildConfiguration section */
		AD9E91B325D7D5BC00C64369 /* Debug */ = {
			isa = XCBuildConfiguration;
			buildSettings = {
				ALWAYS_SEARCH_USER_PATHS = NO;
				CLANG_ANALYZER_NONNULL = YES;
				CLANG_ANALYZER_NUMBER_OBJECT_CONVERSION = YES_AGGRESSIVE;
				CLANG_CXX_LANGUAGE_STANDARD = "gnu++14";
				CLANG_CXX_LIBRARY = "libc++";
				CLANG_ENABLE_MODULES = YES;
				CLANG_ENABLE_OBJC_ARC = YES;
				CLANG_ENABLE_OBJC_WEAK = YES;
				CLANG_WARN_BLOCK_CAPTURE_AUTORELEASING = YES;
				CLANG_WARN_BOOL_CONVERSION = YES;
				CLANG_WARN_COMMA = YES;
				CLANG_WARN_CONSTANT_CONVERSION = YES;
				CLANG_WARN_DEPRECATED_OBJC_IMPLEMENTATIONS = YES;
				CLANG_WARN_DIRECT_OBJC_ISA_USAGE = YES_ERROR;
				CLANG_WARN_DOCUMENTATION_COMMENTS = YES;
				CLANG_WARN_EMPTY_BODY = YES;
				CLANG_WARN_ENUM_CONVERSION = YES;
				CLANG_WARN_INFINITE_RECURSION = YES;
				CLANG_WARN_INT_CONVERSION = YES;
				CLANG_WARN_NON_LITERAL_NULL_CONVERSION = YES;
				CLANG_WARN_OBJC_IMPLICIT_RETAIN_SELF = YES;
				CLANG_WARN_OBJC_LITERAL_CONVERSION = YES;
				CLANG_WARN_OBJC_ROOT_CLASS = YES_ERROR;
				CLANG_WARN_QUOTED_INCLUDE_IN_FRAMEWORK_HEADER = YES;
				CLANG_WARN_RANGE_LOOP_ANALYSIS = YES;
				CLANG_WARN_STRICT_PROTOTYPES = YES;
				CLANG_WARN_SUSPICIOUS_MOVE = YES;
				CLANG_WARN_UNGUARDED_AVAILABILITY = YES_AGGRESSIVE;
				CLANG_WARN_UNREACHABLE_CODE = YES;
				CLANG_WARN__DUPLICATE_METHOD_MATCH = YES;
				COPY_PHASE_STRIP = NO;
				DEBUG_INFORMATION_FORMAT = dwarf;
				ENABLE_STRICT_OBJC_MSGSEND = YES;
				ENABLE_TESTABILITY = YES;
				GCC_C_LANGUAGE_STANDARD = gnu11;
				GCC_DYNAMIC_NO_PIC = NO;
				GCC_NO_COMMON_BLOCKS = YES;
				GCC_OPTIMIZATION_LEVEL = 0;
				GCC_PREPROCESSOR_DEFINITIONS = (
					"DEBUG=1",
					"$(inherited)",
				);
				GCC_WARN_64_TO_32_BIT_CONVERSION = YES;
				GCC_WARN_ABOUT_RETURN_TYPE = YES_ERROR;
				GCC_WARN_UNDECLARED_SELECTOR = YES;
				GCC_WARN_UNINITIALIZED_AUTOS = YES_AGGRESSIVE;
				GCC_WARN_UNUSED_FUNCTION = YES;
				GCC_WARN_UNUSED_VARIABLE = YES;
				IPHONEOS_DEPLOYMENT_TARGET = 14.4;
				MTL_ENABLE_DEBUG_INFO = INCLUDE_SOURCE;
				MTL_FAST_MATH = YES;
				ONLY_ACTIVE_ARCH = YES;
				SDKROOT = iphoneos;
				SWIFT_ACTIVE_COMPILATION_CONDITIONS = DEBUG;
				SWIFT_OPTIMIZATION_LEVEL = "-Onone";
			};
			name = Debug;
		};
		AD9E91B425D7D5BC00C64369 /* Release */ = {
			isa = XCBuildConfiguration;
			buildSettings = {
				ALWAYS_SEARCH_USER_PATHS = NO;
				CLANG_ANALYZER_NONNULL = YES;
				CLANG_ANALYZER_NUMBER_OBJECT_CONVERSION = YES_AGGRESSIVE;
				CLANG_CXX_LANGUAGE_STANDARD = "gnu++14";
				CLANG_CXX_LIBRARY = "libc++";
				CLANG_ENABLE_MODULES = YES;
				CLANG_ENABLE_OBJC_ARC = YES;
				CLANG_ENABLE_OBJC_WEAK = YES;
				CLANG_WARN_BLOCK_CAPTURE_AUTORELEASING = YES;
				CLANG_WARN_BOOL_CONVERSION = YES;
				CLANG_WARN_COMMA = YES;
				CLANG_WARN_CONSTANT_CONVERSION = YES;
				CLANG_WARN_DEPRECATED_OBJC_IMPLEMENTATIONS = YES;
				CLANG_WARN_DIRECT_OBJC_ISA_USAGE = YES_ERROR;
				CLANG_WARN_DOCUMENTATION_COMMENTS = YES;
				CLANG_WARN_EMPTY_BODY = YES;
				CLANG_WARN_ENUM_CONVERSION = YES;
				CLANG_WARN_INFINITE_RECURSION = YES;
				CLANG_WARN_INT_CONVERSION = YES;
				CLANG_WARN_NON_LITERAL_NULL_CONVERSION = YES;
				CLANG_WARN_OBJC_IMPLICIT_RETAIN_SELF = YES;
				CLANG_WARN_OBJC_LITERAL_CONVERSION = YES;
				CLANG_WARN_OBJC_ROOT_CLASS = YES_ERROR;
				CLANG_WARN_QUOTED_INCLUDE_IN_FRAMEWORK_HEADER = YES;
				CLANG_WARN_RANGE_LOOP_ANALYSIS = YES;
				CLANG_WARN_STRICT_PROTOTYPES = YES;
				CLANG_WARN_SUSPICIOUS_MOVE = YES;
				CLANG_WARN_UNGUARDED_AVAILABILITY = YES_AGGRESSIVE;
				CLANG_WARN_UNREACHABLE_CODE = YES;
				CLANG_WARN__DUPLICATE_METHOD_MATCH = YES;
				COPY_PHASE_STRIP = NO;
				DEBUG_INFORMATION_FORMAT = "dwarf-with-dsym";
				ENABLE_NS_ASSERTIONS = NO;
				ENABLE_STRICT_OBJC_MSGSEND = YES;
				GCC_C_LANGUAGE_STANDARD = gnu11;
				GCC_NO_COMMON_BLOCKS = YES;
				GCC_WARN_64_TO_32_BIT_CONVERSION = YES;
				GCC_WARN_ABOUT_RETURN_TYPE = YES_ERROR;
				GCC_WARN_UNDECLARED_SELECTOR = YES;
				GCC_WARN_UNINITIALIZED_AUTOS = YES_AGGRESSIVE;
				GCC_WARN_UNUSED_FUNCTION = YES;
				GCC_WARN_UNUSED_VARIABLE = YES;
				IPHONEOS_DEPLOYMENT_TARGET = 14.4;
				MTL_ENABLE_DEBUG_INFO = NO;
				MTL_FAST_MATH = YES;
				SDKROOT = iphoneos;
				SWIFT_COMPILATION_MODE = wholemodule;
				SWIFT_OPTIMIZATION_LEVEL = "-O";
				VALIDATE_PRODUCT = YES;
			};
			name = Release;
		};
		AD9E91B625D7D5BC00C64369 /* Debug */ = {
			isa = XCBuildConfiguration;
			buildSettings = {
				ASSETCATALOG_COMPILER_APPICON_NAME = AppIcon;
				ASSETCATALOG_COMPILER_GLOBAL_ACCENT_COLOR_NAME = AccentColor;
				CODE_SIGN_STYLE = Automatic;
				DEVELOPMENT_TEAM = CWJGT3SS6R;
				INFOPLIST_FILE = OnlineShop/SubFiles/Info.plist;
				LD_RUNPATH_SEARCH_PATHS = (
					"$(inherited)",
					"@executable_path/Frameworks",
				);
				PRODUCT_BUNDLE_IDENTIFIER = AndreyLapin.OnlineShop;
				PRODUCT_NAME = "$(TARGET_NAME)";
				SWIFT_VERSION = 5.0;
				TARGETED_DEVICE_FAMILY = "1,2";
			};
			name = Debug;
		};
		AD9E91B725D7D5BC00C64369 /* Release */ = {
			isa = XCBuildConfiguration;
			buildSettings = {
				ASSETCATALOG_COMPILER_APPICON_NAME = AppIcon;
				ASSETCATALOG_COMPILER_GLOBAL_ACCENT_COLOR_NAME = AccentColor;
				CODE_SIGN_STYLE = Automatic;
				DEVELOPMENT_TEAM = CWJGT3SS6R;
				INFOPLIST_FILE = OnlineShop/SubFiles/Info.plist;
				LD_RUNPATH_SEARCH_PATHS = (
					"$(inherited)",
					"@executable_path/Frameworks",
				);
				PRODUCT_BUNDLE_IDENTIFIER = AndreyLapin.OnlineShop;
				PRODUCT_NAME = "$(TARGET_NAME)";
				SWIFT_VERSION = 5.0;
				TARGETED_DEVICE_FAMILY = "1,2";
			};
			name = Release;
		};
/* End XCBuildConfiguration section */

/* Begin XCConfigurationList section */
		AD9E919C25D7D5BA00C64369 /* Build configuration list for PBXProject "OnlineShop" */ = {
			isa = XCConfigurationList;
			buildConfigurations = (
				AD9E91B325D7D5BC00C64369 /* Debug */,
				AD9E91B425D7D5BC00C64369 /* Release */,
			);
			defaultConfigurationIsVisible = 0;
			defaultConfigurationName = Release;
		};
		AD9E91B525D7D5BC00C64369 /* Build configuration list for PBXNativeTarget "OnlineShop" */ = {
			isa = XCConfigurationList;
			buildConfigurations = (
				AD9E91B625D7D5BC00C64369 /* Debug */,
				AD9E91B725D7D5BC00C64369 /* Release */,
			);
			defaultConfigurationIsVisible = 0;
			defaultConfigurationName = Release;
		};
/* End XCConfigurationList section */
	};
	rootObject = AD9E919925D7D5BA00C64369 /* Project object */;
}
